// !$*UTF8*$!
{
	archiveVersion = 1;
	classes = {
	};
	objectVersion = 51;
	objects = {

/* Begin PBXBuildFile section */
		6A0FD2C224274D9E00C781CF /* image_3member_daily_left_center_bg.jpg in Resources */ = {isa = PBXBuildFile; fileRef = 6A0FD2BF24274D9D00C781CF /* image_3member_daily_left_center_bg.jpg */; };
		6A0FD2C324274D9E00C781CF /* image_10.jpg in Resources */ = {isa = PBXBuildFile; fileRef = 6A0FD2C024274D9D00C781CF /* image_10.jpg */; };
		6A0FD2C424274D9E00C781CF /* image_2member_daily_left_center_bg.jpg in Resources */ = {isa = PBXBuildFile; fileRef = 6A0FD2C124274D9D00C781CF /* image_2member_daily_left_center_bg.jpg */; };
		6A1EAA1123FBC79900A84CA0 /* AppDelegate.m in Sources */ = {isa = PBXBuildFile; fileRef = 6A1EAA1023FBC79900A84CA0 /* AppDelegate.m */; };
		6A1EAA1A23FBC79900A84CA0 /* PRSleepApp.xcdatamodeld in Sources */ = {isa = PBXBuildFile; fileRef = 6A1EAA1823FBC79900A84CA0 /* PRSleepApp.xcdatamodeld */; };
		6A1EAA1C23FBC79B00A84CA0 /* Assets.xcassets in Resources */ = {isa = PBXBuildFile; fileRef = 6A1EAA1B23FBC79B00A84CA0 /* Assets.xcassets */; };
		6A1EAA1F23FBC79B00A84CA0 /* LaunchScreen.storyboard in Resources */ = {isa = PBXBuildFile; fileRef = 6A1EAA1D23FBC79B00A84CA0 /* LaunchScreen.storyboard */; };
		6A1EAA2223FBC79B00A84CA0 /* main.m in Sources */ = {isa = PBXBuildFile; fileRef = 6A1EAA2123FBC79B00A84CA0 /* main.m */; };
		6A1EAA2C23FBDD0F00A84CA0 /* HomeViewController.m in Sources */ = {isa = PBXBuildFile; fileRef = 6A1EAA2B23FBDD0F00A84CA0 /* HomeViewController.m */; };
		6A1EAA3023FBDD5500A84CA0 /* MineViewController.m in Sources */ = {isa = PBXBuildFile; fileRef = 6A1EAA2F23FBDD5500A84CA0 /* MineViewController.m */; };
		6A25650C2430CA47002623AE /* SDWebImage.framework in Frameworks */ = {isa = PBXBuildFile; fileRef = 6A25650B2430CA47002623AE /* SDWebImage.framework */; };
		6A25650F2430D804002623AE /* MoreViewController.m in Sources */ = {isa = PBXBuildFile; fileRef = 6A25650E2430D804002623AE /* MoreViewController.m */; };
		6A286365242DDF7E00BFA4E8 /* touxiang.png in Resources */ = {isa = PBXBuildFile; fileRef = 6A286364242DDF7E00BFA4E8 /* touxiang.png */; };
		6A28636A242DEB7B00BFA4E8 /* PRLoginViewController.m in Sources */ = {isa = PBXBuildFile; fileRef = 6A286369242DEB7B00BFA4E8 /* PRLoginViewController.m */; };
		6A286379242DEEAF00BFA4E8 /* login_btn_blue_press@2x.png in Resources */ = {isa = PBXBuildFile; fileRef = 6A28636C242DEEAD00BFA4E8 /* login_btn_blue_press@2x.png */; };
		6A28637A242DEEAF00BFA4E8 /* login_textfield@2x.png in Resources */ = {isa = PBXBuildFile; fileRef = 6A28636D242DEEAD00BFA4E8 /* login_textfield@2x.png */; };
		6A28637B242DEEAF00BFA4E8 /* login_header.png in Resources */ = {isa = PBXBuildFile; fileRef = 6A28636E242DEEAE00BFA4E8 /* login_header.png */; };
		6A28637C242DEEAF00BFA4E8 /* login_btn_blue_press.png in Resources */ = {isa = PBXBuildFile; fileRef = 6A28636F242DEEAE00BFA4E8 /* login_btn_blue_press.png */; };
		6A28637D242DEEAF00BFA4E8 /* login_btn_blue_nor.png in Resources */ = {isa = PBXBuildFile; fileRef = 6A286370242DEEAE00BFA4E8 /* login_btn_blue_nor.png */; };
		6A28637E242DEEAF00BFA4E8 /* login_bg@2x.jpg in Resources */ = {isa = PBXBuildFile; fileRef = 6A286371242DEEAE00BFA4E8 /* login_bg@2x.jpg */; };
		6A28637F242DEEAF00BFA4E8 /* login_bg.jpg in Resources */ = {isa = PBXBuildFile; fileRef = 6A286372242DEEAE00BFA4E8 /* login_bg.jpg */; };
		6A286380242DEEAF00BFA4E8 /* Failed.png in Resources */ = {isa = PBXBuildFile; fileRef = 6A286373242DEEAE00BFA4E8 /* Failed.png */; };
		6A286381242DEEAF00BFA4E8 /* login_textfield.png in Resources */ = {isa = PBXBuildFile; fileRef = 6A286374242DEEAE00BFA4E8 /* login_textfield.png */; };
		6A286382242DEEAF00BFA4E8 /* login_header@2x.png in Resources */ = {isa = PBXBuildFile; fileRef = 6A286375242DEEAE00BFA4E8 /* login_header@2x.png */; };
		6A286383242DEEAF00BFA4E8 /* login_bg_ip5@2x.jpg in Resources */ = {isa = PBXBuildFile; fileRef = 6A286376242DEEAE00BFA4E8 /* login_bg_ip5@2x.jpg */; };
		6A286384242DEEAF00BFA4E8 /* login_btn_blue_nor@2x.png in Resources */ = {isa = PBXBuildFile; fileRef = 6A286377242DEEAE00BFA4E8 /* login_btn_blue_nor@2x.png */; };
		6A286385242DEEAF00BFA4E8 /* New.png in Resources */ = {isa = PBXBuildFile; fileRef = 6A286378242DEEAF00BFA4E8 /* New.png */; };
		6A286391242F2A3A00BFA4E8 /* logup_btn_blue_nor@2x.png in Resources */ = {isa = PBXBuildFile; fileRef = 6A286390242F2A3A00BFA4E8 /* logup_btn_blue_nor@2x.png */; };
		6A286393242F2C5F00BFA4E8 /* image_4.jpg in Resources */ = {isa = PBXBuildFile; fileRef = 6A286392242F2C5E00BFA4E8 /* image_4.jpg */; };
		6A28639A242F3D7700BFA4E8 /* PRSignupViewController.m in Sources */ = {isa = PBXBuildFile; fileRef = 6A286398242F3D7700BFA4E8 /* PRSignupViewController.m */; };
		6A28639B242F3D7700BFA4E8 /* PRSignupViewController.xib in Resources */ = {isa = PBXBuildFile; fileRef = 6A286399242F3D7700BFA4E8 /* PRSignupViewController.xib */; };
		6A2EF7D823FBF780001522FA /* iconClockSlected.png in Resources */ = {isa = PBXBuildFile; fileRef = 6A2EF7D723FBF780001522FA /* iconClockSlected.png */; };
		6A2EF7DD23FBF8B3001522FA /* iconMineSelected.png in Resources */ = {isa = PBXBuildFile; fileRef = 6A2EF7DB23FBF8B3001522FA /* iconMineSelected.png */; };
		6A2EF7DE23FBF8B3001522FA /* iconMineNormal.png in Resources */ = {isa = PBXBuildFile; fileRef = 6A2EF7DC23FBF8B3001522FA /* iconMineNormal.png */; };
		6A2EF7E123FBF91B001522FA /* iconMoreNormal.png in Resources */ = {isa = PBXBuildFile; fileRef = 6A2EF7DF23FBF91B001522FA /* iconMoreNormal.png */; };
		6A2EF7E223FBF91B001522FA /* iconMoreSelected.png in Resources */ = {isa = PBXBuildFile; fileRef = 6A2EF7E023FBF91B001522FA /* iconMoreSelected.png */; };
		6A2EF7E423FBFBDC001522FA /* iconClockNormal.png in Resources */ = {isa = PBXBuildFile; fileRef = 6A2EF7E323FBFBDC001522FA /* iconClockNormal.png */; };
		6A32E25F2427460100C75151 /* PRFateCell.m in Sources */ = {isa = PBXBuildFile; fileRef = 6A32E25E2427460100C75151 /* PRFateCell.m */; };
		6A32E2632427486100C75151 /* PRFateCell.xib in Resources */ = {isa = PBXBuildFile; fileRef = 6A32E2622427486100C75151 /* PRFateCell.xib */; };
		6A496D242428A72D00D8FD8C /* image_1.m4a in Resources */ = {isa = PBXBuildFile; fileRef = 6A496D222428A72D00D8FD8C /* image_1.m4a */; };
		6A496D252428A72D00D8FD8C /* image_2.m4a in Resources */ = {isa = PBXBuildFile; fileRef = 6A496D232428A72D00D8FD8C /* image_2.m4a */; };
		6A496D272428A84000D8FD8C /* playBTN1.png in Resources */ = {isa = PBXBuildFile; fileRef = 6A496D262428A84000D8FD8C /* playBTN1.png */; };
		6A496D292428A93100D8FD8C /* playBTN.png in Resources */ = {isa = PBXBuildFile; fileRef = 6A496D282428A93000D8FD8C /* playBTN.png */; };
		6A496D332428C24800D8FD8C /* PRHomeSleepViewController.m in Sources */ = {isa = PBXBuildFile; fileRef = 6A496D322428C24800D8FD8C /* PRHomeSleepViewController.m */; };
		6A4A015024309D290033ADCA /* PRUser.m in Sources */ = {isa = PBXBuildFile; fileRef = 6A4A014F24309D290033ADCA /* PRUser.m */; };
		6A4A01552430AD500033ADCA /* PRTopics.m in Sources */ = {isa = PBXBuildFile; fileRef = 6A4A01542430AD500033ADCA /* PRTopics.m */; };
		6A4A01592430AE9C0033ADCA /* PRTopicTableViewCell.m in Sources */ = {isa = PBXBuildFile; fileRef = 6A4A01572430AE9C0033ADCA /* PRTopicTableViewCell.m */; };
		6A4A015A2430AE9C0033ADCA /* PRTopicTableViewCell.xib in Resources */ = {isa = PBXBuildFile; fileRef = 6A4A01582430AE9C0033ADCA /* PRTopicTableViewCell.xib */; };
		6A6218422417846D00761815 /* preset_focus_ocean.m4a in Resources */ = {isa = PBXBuildFile; fileRef = 6A6218412417846D00761815 /* preset_focus_ocean.m4a */; };
		6A6FFF512424A972001BBE85 /* CoreGraphics.framework in Frameworks */ = {isa = PBXBuildFile; fileRef = 6A6FFF502424A972001BBE85 /* CoreGraphics.framework */; };
		6A78DF2A24249182008608B8 /* PRDragCardView.m in Sources */ = {isa = PBXBuildFile; fileRef = 6A78DF2924249182008608B8 /* PRDragCardView.m */; };
		6A7BB0962424B1CE0078CF81 /* PRDragCardCell.m in Sources */ = {isa = PBXBuildFile; fileRef = 6A7BB0952424B1CE0078CF81 /* PRDragCardCell.m */; };
		6A804854243235130084B7D6 /* PRPushTopicViewController.m in Sources */ = {isa = PBXBuildFile; fileRef = 6A804852243235130084B7D6 /* PRPushTopicViewController.m */; };
		6A804855243235130084B7D6 /* PRPushTopicViewController.xib in Resources */ = {isa = PBXBuildFile; fileRef = 6A804853243235130084B7D6 /* PRPushTopicViewController.xib */; };
		6A9587D22440534C00B61EC3 /* 2.4意见反馈_03(1).png in Resources */ = {isa = PBXBuildFile; fileRef = 6A9587D12440534C00B61EC3 /* 2.4意见反馈_03(1).png */; };
		6A9931DA240E0DAE000AB6AC /* member_daily_center_bg.jpg in Resources */ = {isa = PBXBuildFile; fileRef = 6A9931D7240E0DAE000AB6AC /* member_daily_center_bg.jpg */; };
		6A9931DB240E0DAE000AB6AC /* image_20.jpg in Resources */ = {isa = PBXBuildFile; fileRef = 6A9931D8240E0DAE000AB6AC /* image_20.jpg */; };
		6A9931DC240E0DAE000AB6AC /* image_30.jpg in Resources */ = {isa = PBXBuildFile; fileRef = 6A9931D9240E0DAE000AB6AC /* image_30.jpg */; };
		6A9931E0240E5E58000AB6AC /* tranlcent.png in Resources */ = {isa = PBXBuildFile; fileRef = 6A9931DF240E5E58000AB6AC /* tranlcent.png */; };
		6AC6D9472429B29D00FF3479 /* PRDataPicker.m in Sources */ = {isa = PBXBuildFile; fileRef = 6AC6D9462429B29D00FF3479 /* PRDataPicker.m */; };
		6AC6D949242A168C00FF3479 /* 4948.MP3 in Resources */ = {isa = PBXBuildFile; fileRef = 6AC6D948242A168C00FF3479 /* 4948.MP3 */; };
		6AE30BFF242B57E000A5B9BB /* image_1.jpg in Resources */ = {isa = PBXBuildFile; fileRef = 6AE30BFC242B57E000A5B9BB /* image_1.jpg */; };
		6AE30C01242B57E000A5B9BB /* image_3.jpg in Resources */ = {isa = PBXBuildFile; fileRef = 6AE30BFE242B57E000A5B9BB /* image_3.jpg */; };
		6AE99B20243EEE1B007483CC /* PRBulletView.m in Sources */ = {isa = PBXBuildFile; fileRef = 6AE99B1F243EEE1B007483CC /* PRBulletView.m */; };
		6AE99B23243EEE37007483CC /* PRBulletManager.m in Sources */ = {isa = PBXBuildFile; fileRef = 6AE99B22243EEE37007483CC /* PRBulletManager.m */; };
		6AE99B27243EF1FC007483CC /* PRBulletTalkViewController.m in Sources */ = {isa = PBXBuildFile; fileRef = 6AE99B25243EF1FC007483CC /* PRBulletTalkViewController.m */; };
		6AE99B28243EF1FC007483CC /* PRBulletTalkViewController.xib in Resources */ = {isa = PBXBuildFile; fileRef = 6AE99B26243EF1FC007483CC /* PRBulletTalkViewController.xib */; };
		6AE99B2A243F1E55007483CC /* email@2x.png in Resources */ = {isa = PBXBuildFile; fileRef = 6AE99B29243F1E55007483CC /* email@2x.png */; };
		6AE99B2C243F227C007483CC /* image_3.m4a in Resources */ = {isa = PBXBuildFile; fileRef = 6AE99B2B243F227C007483CC /* image_3.m4a */; };
		6AE99B2E243F239E007483CC /* image_4.m4a in Resources */ = {isa = PBXBuildFile; fileRef = 6AE99B2D243F239E007483CC /* image_4.m4a */; };
		6AE99B32243F245E007483CC /* image_2.jpg in Resources */ = {isa = PBXBuildFile; fileRef = 6AE99B31243F245E007483CC /* image_2.jpg */; };
		6AE99B3B243F3258007483CC /* PhotoCollectionViewCell.m in Sources */ = {isa = PBXBuildFile; fileRef = 6AE99B37243F3258007483CC /* PhotoCollectionViewCell.m */; };
		6AE99B3C243F3258007483CC /* UserFeedBackViewController.m in Sources */ = {isa = PBXBuildFile; fileRef = 6AE99B38243F3258007483CC /* UserFeedBackViewController.m */; };
		6AE99B3D243F3258007483CC /* PlaceholderTextView.m in Sources */ = {isa = PBXBuildFile; fileRef = 6AE99B39243F3258007483CC /* PlaceholderTextView.m */; };
		6AE99B42243F3946007483CC /* PRMyTopicTableViewController.m in Sources */ = {isa = PBXBuildFile; fileRef = 6AE99B41243F3946007483CC /* PRMyTopicTableViewController.m */; };
		6AEAD2F62434B29D001C3FFD /* PRDanMaViewController.m in Sources */ = {isa = PBXBuildFile; fileRef = 6AEAD2F42434B29D001C3FFD /* PRDanMaViewController.m */; };
		6AEAD2F72434B29D001C3FFD /* PRDanMaViewController.xib in Resources */ = {isa = PBXBuildFile; fileRef = 6AEAD2F52434B29D001C3FFD /* PRDanMaViewController.xib */; };
		DCF6B933A5F535D492F53273 /* Pods_PRSleepApp.framework in Frameworks */ = {isa = PBXBuildFile; fileRef = F014DB7583B87883229E29CC /* Pods_PRSleepApp.framework */; };
/* End PBXBuildFile section */

/* Begin PBXFileReference section */
		129FE9F691A2E9F09D035247 /* Pods-PRSleepApp.debug.xcconfig */ = {isa = PBXFileReference; includeInIndex = 1; lastKnownFileType = text.xcconfig; name = "Pods-PRSleepApp.debug.xcconfig"; path = "Target Support Files/Pods-PRSleepApp/Pods-PRSleepApp.debug.xcconfig"; sourceTree = "<group>"; };
		6A0FD2BF24274D9D00C781CF /* image_3member_daily_left_center_bg.jpg */ = {isa = PBXFileReference; lastKnownFileType = image.jpeg; path = image_3member_daily_left_center_bg.jpg; sourceTree = "<group>"; };
		6A0FD2C024274D9D00C781CF /* image_10.jpg */ = {isa = PBXFileReference; lastKnownFileType = image.jpeg; path = image_10.jpg; sourceTree = "<group>"; };
		6A0FD2C124274D9D00C781CF /* image_2member_daily_left_center_bg.jpg */ = {isa = PBXFileReference; lastKnownFileType = image.jpeg; path = image_2member_daily_left_center_bg.jpg; sourceTree = "<group>"; };
		6A1EAA0C23FBC79900A84CA0 /* PRSleepApp.app */ = {isa = PBXFileReference; explicitFileType = wrapper.application; includeInIndex = 0; path = PRSleepApp.app; sourceTree = BUILT_PRODUCTS_DIR; };
		6A1EAA0F23FBC79900A84CA0 /* AppDelegate.h */ = {isa = PBXFileReference; lastKnownFileType = sourcecode.c.h; path = AppDelegate.h; sourceTree = "<group>"; };
		6A1EAA1023FBC79900A84CA0 /* AppDelegate.m */ = {isa = PBXFileReference; lastKnownFileType = sourcecode.c.objc; path = AppDelegate.m; sourceTree = "<group>"; };
		6A1EAA1923FBC79900A84CA0 /* PRSleepApp.xcdatamodel */ = {isa = PBXFileReference; lastKnownFileType = wrapper.xcdatamodel; path = PRSleepApp.xcdatamodel; sourceTree = "<group>"; };
		6A1EAA1B23FBC79B00A84CA0 /* Assets.xcassets */ = {isa = PBXFileReference; lastKnownFileType = folder.assetcatalog; path = Assets.xcassets; sourceTree = "<group>"; };
		6A1EAA1E23FBC79B00A84CA0 /* Base */ = {isa = PBXFileReference; lastKnownFileType = file.storyboard; name = Base; path = Base.lproj/LaunchScreen.storyboard; sourceTree = "<group>"; };
		6A1EAA2023FBC79B00A84CA0 /* Info.plist */ = {isa = PBXFileReference; lastKnownFileType = text.plist.xml; path = Info.plist; sourceTree = "<group>"; };
		6A1EAA2123FBC79B00A84CA0 /* main.m */ = {isa = PBXFileReference; lastKnownFileType = sourcecode.c.objc; path = main.m; sourceTree = "<group>"; };
		6A1EAA2A23FBDD0F00A84CA0 /* HomeViewController.h */ = {isa = PBXFileReference; lastKnownFileType = sourcecode.c.h; path = HomeViewController.h; sourceTree = "<group>"; };
		6A1EAA2B23FBDD0F00A84CA0 /* HomeViewController.m */ = {isa = PBXFileReference; lastKnownFileType = sourcecode.c.objc; path = HomeViewController.m; sourceTree = "<group>"; };
		6A1EAA2E23FBDD5500A84CA0 /* MineViewController.h */ = {isa = PBXFileReference; lastKnownFileType = sourcecode.c.h; path = MineViewController.h; sourceTree = "<group>"; };
		6A1EAA2F23FBDD5500A84CA0 /* MineViewController.m */ = {isa = PBXFileReference; lastKnownFileType = sourcecode.c.objc; path = MineViewController.m; sourceTree = "<group>"; };
		6A25650B2430CA47002623AE /* SDWebImage.framework */ = {isa = PBXFileReference; explicitFileType = wrapper.framework; path = SDWebImage.framework; sourceTree = BUILT_PRODUCTS_DIR; };
		6A25650D2430D804002623AE /* MoreViewController.h */ = {isa = PBXFileReference; lastKnownFileType = sourcecode.c.h; path = MoreViewController.h; sourceTree = "<group>"; };
		6A25650E2430D804002623AE /* MoreViewController.m */ = {isa = PBXFileReference; lastKnownFileType = sourcecode.c.objc; path = MoreViewController.m; sourceTree = "<group>"; };
		6A286364242DDF7E00BFA4E8 /* touxiang.png */ = {isa = PBXFileReference; lastKnownFileType = image.png; path = touxiang.png; sourceTree = "<group>"; };
		6A286368242DEB7B00BFA4E8 /* PRLoginViewController.h */ = {isa = PBXFileReference; lastKnownFileType = sourcecode.c.h; path = PRLoginViewController.h; sourceTree = "<group>"; };
		6A286369242DEB7B00BFA4E8 /* PRLoginViewController.m */ = {isa = PBXFileReference; lastKnownFileType = sourcecode.c.objc; path = PRLoginViewController.m; sourceTree = "<group>"; };
		6A28636C242DEEAD00BFA4E8 /* login_btn_blue_press@2x.png */ = {isa = PBXFileReference; lastKnownFileType = image.png; path = "login_btn_blue_press@2x.png"; sourceTree = "<group>"; };
		6A28636D242DEEAD00BFA4E8 /* login_textfield@2x.png */ = {isa = PBXFileReference; lastKnownFileType = image.png; path = "login_textfield@2x.png"; sourceTree = "<group>"; };
		6A28636E242DEEAE00BFA4E8 /* login_header.png */ = {isa = PBXFileReference; lastKnownFileType = image.png; path = login_header.png; sourceTree = "<group>"; };
		6A28636F242DEEAE00BFA4E8 /* login_btn_blue_press.png */ = {isa = PBXFileReference; lastKnownFileType = image.png; path = login_btn_blue_press.png; sourceTree = "<group>"; };
		6A286370242DEEAE00BFA4E8 /* login_btn_blue_nor.png */ = {isa = PBXFileReference; lastKnownFileType = image.png; path = login_btn_blue_nor.png; sourceTree = "<group>"; };
		6A286371242DEEAE00BFA4E8 /* login_bg@2x.jpg */ = {isa = PBXFileReference; lastKnownFileType = image.jpeg; path = "login_bg@2x.jpg"; sourceTree = "<group>"; };
		6A286372242DEEAE00BFA4E8 /* login_bg.jpg */ = {isa = PBXFileReference; lastKnownFileType = image.jpeg; path = login_bg.jpg; sourceTree = "<group>"; };
		6A286373242DEEAE00BFA4E8 /* Failed.png */ = {isa = PBXFileReference; lastKnownFileType = image.png; path = Failed.png; sourceTree = "<group>"; };
		6A286374242DEEAE00BFA4E8 /* login_textfield.png */ = {isa = PBXFileReference; lastKnownFileType = image.png; path = login_textfield.png; sourceTree = "<group>"; };
		6A286375242DEEAE00BFA4E8 /* login_header@2x.png */ = {isa = PBXFileReference; lastKnownFileType = image.png; path = "login_header@2x.png"; sourceTree = "<group>"; };
		6A286376242DEEAE00BFA4E8 /* login_bg_ip5@2x.jpg */ = {isa = PBXFileReference; lastKnownFileType = image.jpeg; path = "login_bg_ip5@2x.jpg"; sourceTree = "<group>"; };
		6A286377242DEEAE00BFA4E8 /* login_btn_blue_nor@2x.png */ = {isa = PBXFileReference; lastKnownFileType = image.png; path = "login_btn_blue_nor@2x.png"; sourceTree = "<group>"; };
		6A286378242DEEAF00BFA4E8 /* New.png */ = {isa = PBXFileReference; lastKnownFileType = image.png; path = New.png; sourceTree = "<group>"; };
		6A286390242F2A3A00BFA4E8 /* logup_btn_blue_nor@2x.png */ = {isa = PBXFileReference; lastKnownFileType = image.png; name = "logup_btn_blue_nor@2x.png"; path = "../../../../../../Desktop/logup_btn_blue_nor@2x.png"; sourceTree = "<group>"; };
		6A286392242F2C5E00BFA4E8 /* image_4.jpg */ = {isa = PBXFileReference; lastKnownFileType = image.jpeg; path = image_4.jpg; sourceTree = "<group>"; };
		6A286397242F3D7700BFA4E8 /* PRSignupViewController.h */ = {isa = PBXFileReference; lastKnownFileType = sourcecode.c.h; path = PRSignupViewController.h; sourceTree = "<group>"; };
		6A286398242F3D7700BFA4E8 /* PRSignupViewController.m */ = {isa = PBXFileReference; lastKnownFileType = sourcecode.c.objc; path = PRSignupViewController.m; sourceTree = "<group>"; };
		6A286399242F3D7700BFA4E8 /* PRSignupViewController.xib */ = {isa = PBXFileReference; lastKnownFileType = file.xib; path = PRSignupViewController.xib; sourceTree = "<group>"; };
		6A2EF7D423FBF083001522FA /* Public.h */ = {isa = PBXFileReference; lastKnownFileType = sourcecode.c.h; path = Public.h; sourceTree = "<group>"; };
		6A2EF7D723FBF780001522FA /* iconClockSlected.png */ = {isa = PBXFileReference; lastKnownFileType = image.png; path = iconClockSlected.png; sourceTree = "<group>"; };
		6A2EF7DB23FBF8B3001522FA /* iconMineSelected.png */ = {isa = PBXFileReference; lastKnownFileType = image.png; path = iconMineSelected.png; sourceTree = "<group>"; };
		6A2EF7DC23FBF8B3001522FA /* iconMineNormal.png */ = {isa = PBXFileReference; lastKnownFileType = image.png; path = iconMineNormal.png; sourceTree = "<group>"; };
		6A2EF7DF23FBF91B001522FA /* iconMoreNormal.png */ = {isa = PBXFileReference; lastKnownFileType = image.png; path = iconMoreNormal.png; sourceTree = "<group>"; };
		6A2EF7E023FBF91B001522FA /* iconMoreSelected.png */ = {isa = PBXFileReference; lastKnownFileType = image.png; path = iconMoreSelected.png; sourceTree = "<group>"; };
		6A2EF7E323FBFBDC001522FA /* iconClockNormal.png */ = {isa = PBXFileReference; lastKnownFileType = image.png; path = iconClockNormal.png; sourceTree = "<group>"; };
		6A32E25D2427460100C75151 /* PRFateCell.h */ = {isa = PBXFileReference; lastKnownFileType = sourcecode.c.h; path = PRFateCell.h; sourceTree = "<group>"; };
		6A32E25E2427460100C75151 /* PRFateCell.m */ = {isa = PBXFileReference; lastKnownFileType = sourcecode.c.objc; path = PRFateCell.m; sourceTree = "<group>"; };
		6A32E2622427486100C75151 /* PRFateCell.xib */ = {isa = PBXFileReference; lastKnownFileType = file.xib; path = PRFateCell.xib; sourceTree = "<group>"; };
		6A496D222428A72D00D8FD8C /* image_1.m4a */ = {isa = PBXFileReference; lastKnownFileType = file; path = image_1.m4a; sourceTree = "<group>"; };
		6A496D232428A72D00D8FD8C /* image_2.m4a */ = {isa = PBXFileReference; lastKnownFileType = file; path = image_2.m4a; sourceTree = "<group>"; };
		6A496D262428A84000D8FD8C /* playBTN1.png */ = {isa = PBXFileReference; lastKnownFileType = image.png; path = playBTN1.png; sourceTree = "<group>"; };
		6A496D282428A93000D8FD8C /* playBTN.png */ = {isa = PBXFileReference; lastKnownFileType = image.png; path = playBTN.png; sourceTree = "<group>"; };
		6A496D312428C24800D8FD8C /* PRHomeSleepViewController.h */ = {isa = PBXFileReference; lastKnownFileType = sourcecode.c.h; path = PRHomeSleepViewController.h; sourceTree = "<group>"; };
		6A496D322428C24800D8FD8C /* PRHomeSleepViewController.m */ = {isa = PBXFileReference; lastKnownFileType = sourcecode.c.objc; path = PRHomeSleepViewController.m; sourceTree = "<group>"; };
		6A4A014E24309D290033ADCA /* PRUser.h */ = {isa = PBXFileReference; lastKnownFileType = sourcecode.c.h; path = PRUser.h; sourceTree = "<group>"; };
		6A4A014F24309D290033ADCA /* PRUser.m */ = {isa = PBXFileReference; lastKnownFileType = sourcecode.c.objc; path = PRUser.m; sourceTree = "<group>"; };
		6A4A01532430AD500033ADCA /* PRTopics.h */ = {isa = PBXFileReference; lastKnownFileType = sourcecode.c.h; path = PRTopics.h; sourceTree = "<group>"; };
		6A4A01542430AD500033ADCA /* PRTopics.m */ = {isa = PBXFileReference; lastKnownFileType = sourcecode.c.objc; path = PRTopics.m; sourceTree = "<group>"; };
		6A4A01562430AE9C0033ADCA /* PRTopicTableViewCell.h */ = {isa = PBXFileReference; lastKnownFileType = sourcecode.c.h; path = PRTopicTableViewCell.h; sourceTree = "<group>"; };
		6A4A01572430AE9C0033ADCA /* PRTopicTableViewCell.m */ = {isa = PBXFileReference; lastKnownFileType = sourcecode.c.objc; path = PRTopicTableViewCell.m; sourceTree = "<group>"; };
		6A4A01582430AE9C0033ADCA /* PRTopicTableViewCell.xib */ = {isa = PBXFileReference; lastKnownFileType = file.xib; path = PRTopicTableViewCell.xib; sourceTree = "<group>"; };
		6A6218412417846D00761815 /* preset_focus_ocean.m4a */ = {isa = PBXFileReference; lastKnownFileType = file; path = preset_focus_ocean.m4a; sourceTree = "<group>"; };
		6A6FFF502424A972001BBE85 /* CoreGraphics.framework */ = {isa = PBXFileReference; lastKnownFileType = wrapper.framework; name = CoreGraphics.framework; path = System/Library/Frameworks/CoreGraphics.framework; sourceTree = SDKROOT; };
		6A78DF2824249182008608B8 /* PRDragCardView.h */ = {isa = PBXFileReference; lastKnownFileType = sourcecode.c.h; path = PRDragCardView.h; sourceTree = "<group>"; };
		6A78DF2924249182008608B8 /* PRDragCardView.m */ = {isa = PBXFileReference; lastKnownFileType = sourcecode.c.objc; path = PRDragCardView.m; sourceTree = "<group>"; };
		6A7BB0922424B0E50078CF81 /* PRDragConfig.h */ = {isa = PBXFileReference; lastKnownFileType = sourcecode.c.h; path = PRDragConfig.h; sourceTree = "<group>"; };
		6A7BB0942424B1CE0078CF81 /* PRDragCardCell.h */ = {isa = PBXFileReference; lastKnownFileType = sourcecode.c.h; path = PRDragCardCell.h; sourceTree = "<group>"; };
		6A7BB0952424B1CE0078CF81 /* PRDragCardCell.m */ = {isa = PBXFileReference; lastKnownFileType = sourcecode.c.objc; path = PRDragCardCell.m; sourceTree = "<group>"; };
		6A804851243235130084B7D6 /* PRPushTopicViewController.h */ = {isa = PBXFileReference; lastKnownFileType = sourcecode.c.h; path = PRPushTopicViewController.h; sourceTree = "<group>"; };
		6A804852243235130084B7D6 /* PRPushTopicViewController.m */ = {isa = PBXFileReference; lastKnownFileType = sourcecode.c.objc; path = PRPushTopicViewController.m; sourceTree = "<group>"; };
		6A804853243235130084B7D6 /* PRPushTopicViewController.xib */ = {isa = PBXFileReference; lastKnownFileType = file.xib; path = PRPushTopicViewController.xib; sourceTree = "<group>"; };
		6A9587D12440534C00B61EC3 /* 2.4意见反馈_03(1).png */ = {isa = PBXFileReference; lastKnownFileType = image.png; path = "2.4意见反馈_03(1).png"; sourceTree = "<group>"; };
		6A9931D7240E0DAE000AB6AC /* member_daily_center_bg.jpg */ = {isa = PBXFileReference; lastKnownFileType = image.jpeg; path = member_daily_center_bg.jpg; sourceTree = "<group>"; };
		6A9931D8240E0DAE000AB6AC /* image_20.jpg */ = {isa = PBXFileReference; lastKnownFileType = image.jpeg; path = image_20.jpg; sourceTree = "<group>"; };
		6A9931D9240E0DAE000AB6AC /* image_30.jpg */ = {isa = PBXFileReference; lastKnownFileType = image.jpeg; path = image_30.jpg; sourceTree = "<group>"; };
		6A9931DF240E5E58000AB6AC /* tranlcent.png */ = {isa = PBXFileReference; lastKnownFileType = image.png; path = tranlcent.png; sourceTree = "<group>"; };
		6AC6D9452429B29D00FF3479 /* PRDataPicker.h */ = {isa = PBXFileReference; lastKnownFileType = sourcecode.c.h; path = PRDataPicker.h; sourceTree = "<group>"; };
		6AC6D9462429B29D00FF3479 /* PRDataPicker.m */ = {isa = PBXFileReference; lastKnownFileType = sourcecode.c.objc; path = PRDataPicker.m; sourceTree = "<group>"; };
		6AC6D948242A168C00FF3479 /* 4948.MP3 */ = {isa = PBXFileReference; lastKnownFileType = audio.mp3; path = 4948.MP3; sourceTree = "<group>"; };
		6AE30BFC242B57E000A5B9BB /* image_1.jpg */ = {isa = PBXFileReference; lastKnownFileType = image.jpeg; path = image_1.jpg; sourceTree = "<group>"; };
		6AE30BFE242B57E000A5B9BB /* image_3.jpg */ = {isa = PBXFileReference; lastKnownFileType = image.jpeg; path = image_3.jpg; sourceTree = "<group>"; };
		6AE99B1E243EEE1B007483CC /* PRBulletView.h */ = {isa = PBXFileReference; lastKnownFileType = sourcecode.c.h; path = PRBulletView.h; sourceTree = "<group>"; };
		6AE99B1F243EEE1B007483CC /* PRBulletView.m */ = {isa = PBXFileReference; lastKnownFileType = sourcecode.c.objc; path = PRBulletView.m; sourceTree = "<group>"; };
		6AE99B21243EEE37007483CC /* PRBulletManager.h */ = {isa = PBXFileReference; lastKnownFileType = sourcecode.c.h; path = PRBulletManager.h; sourceTree = "<group>"; };
		6AE99B22243EEE37007483CC /* PRBulletManager.m */ = {isa = PBXFileReference; lastKnownFileType = sourcecode.c.objc; path = PRBulletManager.m; sourceTree = "<group>"; };
		6AE99B24243EF1FC007483CC /* PRBulletTalkViewController.h */ = {isa = PBXFileReference; lastKnownFileType = sourcecode.c.h; path = PRBulletTalkViewController.h; sourceTree = "<group>"; };
		6AE99B25243EF1FC007483CC /* PRBulletTalkViewController.m */ = {isa = PBXFileReference; lastKnownFileType = sourcecode.c.objc; path = PRBulletTalkViewController.m; sourceTree = "<group>"; };
		6AE99B26243EF1FC007483CC /* PRBulletTalkViewController.xib */ = {isa = PBXFileReference; lastKnownFileType = file.xib; path = PRBulletTalkViewController.xib; sourceTree = "<group>"; };
		6AE99B29243F1E55007483CC /* email@2x.png */ = {isa = PBXFileReference; lastKnownFileType = image.png; name = "email@2x.png"; path = "PRSleepApp/Assets.xcassets/Signup/email.imageset/email@2x.png"; sourceTree = SOURCE_ROOT; };
		6AE99B2B243F227C007483CC /* image_3.m4a */ = {isa = PBXFileReference; lastKnownFileType = file; path = image_3.m4a; sourceTree = "<group>"; };
		6AE99B2D243F239E007483CC /* image_4.m4a */ = {isa = PBXFileReference; lastKnownFileType = file; path = image_4.m4a; sourceTree = "<group>"; };
		6AE99B31243F245E007483CC /* image_2.jpg */ = {isa = PBXFileReference; lastKnownFileType = image.jpeg; path = image_2.jpg; sourceTree = "<group>"; };
		6AE99B35243F3258007483CC /* UserFeedBackViewController.h */ = {isa = PBXFileReference; fileEncoding = 4; lastKnownFileType = sourcecode.c.h; path = UserFeedBackViewController.h; sourceTree = "<group>"; };
		6AE99B36243F3258007483CC /* PhotoCollectionViewCell.h */ = {isa = PBXFileReference; fileEncoding = 4; lastKnownFileType = sourcecode.c.h; path = PhotoCollectionViewCell.h; sourceTree = "<group>"; };
		6AE99B37243F3258007483CC /* PhotoCollectionViewCell.m */ = {isa = PBXFileReference; fileEncoding = 4; lastKnownFileType = sourcecode.c.objc; path = PhotoCollectionViewCell.m; sourceTree = "<group>"; };
		6AE99B38243F3258007483CC /* UserFeedBackViewController.m */ = {isa = PBXFileReference; fileEncoding = 4; lastKnownFileType = sourcecode.c.objc; path = UserFeedBackViewController.m; sourceTree = "<group>"; };
		6AE99B39243F3258007483CC /* PlaceholderTextView.m */ = {isa = PBXFileReference; fileEncoding = 4; lastKnownFileType = sourcecode.c.objc; path = PlaceholderTextView.m; sourceTree = "<group>"; };
		6AE99B3A243F3258007483CC /* PlaceholderTextView.h */ = {isa = PBXFileReference; fileEncoding = 4; lastKnownFileType = sourcecode.c.h; path = PlaceholderTextView.h; sourceTree = "<group>"; };
		6AE99B40243F3946007483CC /* PRMyTopicTableViewController.h */ = {isa = PBXFileReference; lastKnownFileType = sourcecode.c.h; path = PRMyTopicTableViewController.h; sourceTree = "<group>"; };
		6AE99B41243F3946007483CC /* PRMyTopicTableViewController.m */ = {isa = PBXFileReference; lastKnownFileType = sourcecode.c.objc; path = PRMyTopicTableViewController.m; sourceTree = "<group>"; };
		6AEAD2F32434B29D001C3FFD /* PRDanMaViewController.h */ = {isa = PBXFileReference; lastKnownFileType = sourcecode.c.h; path = PRDanMaViewController.h; sourceTree = "<group>"; };
		6AEAD2F42434B29D001C3FFD /* PRDanMaViewController.m */ = {isa = PBXFileReference; lastKnownFileType = sourcecode.c.objc; path = PRDanMaViewController.m; sourceTree = "<group>"; };
		6AEAD2F52434B29D001C3FFD /* PRDanMaViewController.xib */ = {isa = PBXFileReference; lastKnownFileType = file.xib; path = PRDanMaViewController.xib; sourceTree = "<group>"; };
		94A3BF127F05EC0A8B3A5753 /* Pods-PRSleepApp.release.xcconfig */ = {isa = PBXFileReference; includeInIndex = 1; lastKnownFileType = text.xcconfig; name = "Pods-PRSleepApp.release.xcconfig"; path = "Target Support Files/Pods-PRSleepApp/Pods-PRSleepApp.release.xcconfig"; sourceTree = "<group>"; };
		F014DB7583B87883229E29CC /* Pods_PRSleepApp.framework */ = {isa = PBXFileReference; explicitFileType = wrapper.framework; includeInIndex = 0; path = Pods_PRSleepApp.framework; sourceTree = BUILT_PRODUCTS_DIR; };
/* End PBXFileReference section */

/* Begin PBXFrameworksBuildPhase section */
		6A1EAA0923FBC79900A84CA0 /* Frameworks */ = {
			isa = PBXFrameworksBuildPhase;
			buildActionMask = 2147483647;
			files = (
				6A25650C2430CA47002623AE /* SDWebImage.framework in Frameworks */,
				6A6FFF512424A972001BBE85 /* CoreGraphics.framework in Frameworks */,
				DCF6B933A5F535D492F53273 /* Pods_PRSleepApp.framework in Frameworks */,
			);
			runOnlyForDeploymentPostprocessing = 0;
		};
/* End PBXFrameworksBuildPhase section */

/* Begin PBXGroup section */
		6A0FD2C524274FE900C781CF /* PBDragCardViews */ = {
			isa = PBXGroup;
			children = (
				6A78DF2824249182008608B8 /* PRDragCardView.h */,
				6A78DF2924249182008608B8 /* PRDragCardView.m */,
				6A7BB0942424B1CE0078CF81 /* PRDragCardCell.h */,
				6A7BB0952424B1CE0078CF81 /* PRDragCardCell.m */,
				6A7BB0922424B0E50078CF81 /* PRDragConfig.h */,
				6A0FD2C624274FFA00C781CF /* cell */,
			);
			path = PBDragCardViews;
			sourceTree = "<group>";
		};
		6A0FD2C624274FFA00C781CF /* cell */ = {
			isa = PBXGroup;
			children = (
				6A32E25D2427460100C75151 /* PRFateCell.h */,
				6A32E25E2427460100C75151 /* PRFateCell.m */,
				6A32E2622427486100C75151 /* PRFateCell.xib */,
			);
			path = cell;
			sourceTree = "<group>";
		};
		6A1EAA0323FBC79900A84CA0 = {
			isa = PBXGroup;
			children = (
				6A1EAA0E23FBC79900A84CA0 /* PRSleepApp */,
				6A1EAA0D23FBC79900A84CA0 /* Products */,
				83B75CCDF685E1DF4B75D463 /* Pods */,
				78290F604F3A5B14981CAFF2 /* Frameworks */,
			);
			sourceTree = "<group>";
		};
		6A1EAA0D23FBC79900A84CA0 /* Products */ = {
			isa = PBXGroup;
			children = (
				6A1EAA0C23FBC79900A84CA0 /* PRSleepApp.app */,
			);
			name = Products;
			sourceTree = "<group>";
		};
		6A1EAA0E23FBC79900A84CA0 /* PRSleepApp */ = {
			isa = PBXGroup;
			children = (
				6AAA25E3243D720800A3EA44 /* Main */,
				6A286367242DE64C00BFA4E8 /* Model */,
				6A1EAA2823FBDBAA00A84CA0 /* Controller */,
				6A4BC488240FDD72006DE658 /* View */,
				6A1EAA1B23FBC79B00A84CA0 /* Assets.xcassets */,
				6A1EAA1D23FBC79B00A84CA0 /* LaunchScreen.storyboard */,
				6A1EAA2023FBC79B00A84CA0 /* Info.plist */,
				6A1EAA2123FBC79B00A84CA0 /* main.m */,
				6A1EAA1823FBC79900A84CA0 /* PRSleepApp.xcdatamodeld */,
				6A2EF7CB23FBEA3E001522FA /* Other */,
			);
			path = PRSleepApp;
			sourceTree = "<group>";
		};
		6A1EAA2823FBDBAA00A84CA0 /* Controller */ = {
			isa = PBXGroup;
			children = (
				6A1EAA2923FBDBD900A84CA0 /* Home */,
				6A1EAA3223FBDD7B00A84CA0 /* More */,
				6A1EAA2D23FBDD3900A84CA0 /* Mine */,
			);
			path = Controller;
			sourceTree = "<group>";
		};
		6A1EAA2923FBDBD900A84CA0 /* Home */ = {
			isa = PBXGroup;
			children = (
				6AE99B1D243EEDCE007483CC /* Danmu */,
				6A1EAA2A23FBDD0F00A84CA0 /* HomeViewController.h */,
				6A1EAA2B23FBDD0F00A84CA0 /* HomeViewController.m */,
				6A496D312428C24800D8FD8C /* PRHomeSleepViewController.h */,
				6A496D322428C24800D8FD8C /* PRHomeSleepViewController.m */,
				6AC6D9452429B29D00FF3479 /* PRDataPicker.h */,
				6AC6D9462429B29D00FF3479 /* PRDataPicker.m */,
			);
			path = Home;
			sourceTree = "<group>";
		};
		6A1EAA2D23FBDD3900A84CA0 /* Mine */ = {
			isa = PBXGroup;
			children = (
				6AE99B3F243F35C7007483CC /* UserAbout */,
				6AE99B34243F3246007483CC /* FeedBack */,
				6A1EAA2E23FBDD5500A84CA0 /* MineViewController.h */,
				6A1EAA2F23FBDD5500A84CA0 /* MineViewController.m */,
			);
			path = Mine;
			sourceTree = "<group>";
		};
		6A1EAA3223FBDD7B00A84CA0 /* More */ = {
			isa = PBXGroup;
			children = (
				6A25650D2430D804002623AE /* MoreViewController.h */,
				6A25650E2430D804002623AE /* MoreViewController.m */,
				6A804851243235130084B7D6 /* PRPushTopicViewController.h */,
				6A804852243235130084B7D6 /* PRPushTopicViewController.m */,
				6A804853243235130084B7D6 /* PRPushTopicViewController.xib */,
			);
			path = More;
			sourceTree = "<group>";
		};
		6A286367242DE64C00BFA4E8 /* Model */ = {
			isa = PBXGroup;
			children = (
				6A4A01522430AD1D0033ADCA /* More */,
				6A4A014D24309CFE0033ADCA /* Home */,
			);
			path = Model;
			sourceTree = "<group>";
		};
		6A28636B242DEE9500BFA4E8 /* Mine */ = {
			isa = PBXGroup;
			children = (
				6A9587D12440534C00B61EC3 /* 2.4意见反馈_03(1).png */,
				6A286373242DEEAE00BFA4E8 /* Failed.png */,
				6A286376242DEEAE00BFA4E8 /* login_bg_ip5@2x.jpg */,
				6A286372242DEEAE00BFA4E8 /* login_bg.jpg */,
				6A286371242DEEAE00BFA4E8 /* login_bg@2x.jpg */,
				6A286370242DEEAE00BFA4E8 /* login_btn_blue_nor.png */,
				6A286377242DEEAE00BFA4E8 /* login_btn_blue_nor@2x.png */,
				6AE99B29243F1E55007483CC /* email@2x.png */,
				6A286390242F2A3A00BFA4E8 /* logup_btn_blue_nor@2x.png */,
				6A28636F242DEEAE00BFA4E8 /* login_btn_blue_press.png */,
				6A28636C242DEEAD00BFA4E8 /* login_btn_blue_press@2x.png */,
				6A28636E242DEEAE00BFA4E8 /* login_header.png */,
				6A286375242DEEAE00BFA4E8 /* login_header@2x.png */,
				6A286374242DEEAE00BFA4E8 /* login_textfield.png */,
				6A28636D242DEEAD00BFA4E8 /* login_textfield@2x.png */,
				6A286378242DEEAF00BFA4E8 /* New.png */,
			);
			path = Mine;
			sourceTree = "<group>";
		};
		6A2EF7CB23FBEA3E001522FA /* Other */ = {
			isa = PBXGroup;
			children = (
				6A2EF7CC23FBEA51001522FA /* Resource */,
				6A2EF7D423FBF083001522FA /* Public.h */,
			);
			path = Other;
			sourceTree = "<group>";
		};
		6A2EF7CC23FBEA51001522FA /* Resource */ = {
			isa = PBXGroup;
			children = (
				6A28636B242DEE9500BFA4E8 /* Mine */,
				6A9931D6240E0D93000AB6AC /* HomeImage */,
				6A2EF7CD23FBEA7D001522FA /* tabBar */,
			);
			path = Resource;
			sourceTree = "<group>";
		};
		6A2EF7CD23FBEA7D001522FA /* tabBar */ = {
			isa = PBXGroup;
			children = (
				6A2EF7E323FBFBDC001522FA /* iconClockNormal.png */,
				6A2EF7DF23FBF91B001522FA /* iconMoreNormal.png */,
				6A2EF7E023FBF91B001522FA /* iconMoreSelected.png */,
				6A2EF7DC23FBF8B3001522FA /* iconMineNormal.png */,
				6A2EF7DB23FBF8B3001522FA /* iconMineSelected.png */,
				6A2EF7D723FBF780001522FA /* iconClockSlected.png */,
			);
			path = tabBar;
			sourceTree = "<group>";
		};
		6A496D2A2428ACE900D8FD8C /* Home */ = {
			isa = PBXGroup;
			children = (
				6AE99B33243F27C3007483CC /* Danmu */,
				6A0FD2C524274FE900C781CF /* PBDragCardViews */,
			);
			path = Home;
			sourceTree = "<group>";
		};
		6A4A014D24309CFE0033ADCA /* Home */ = {
			isa = PBXGroup;
			children = (
				6A4A014E24309D290033ADCA /* PRUser.h */,
				6A4A014F24309D290033ADCA /* PRUser.m */,
			);
			path = Home;
			sourceTree = "<group>";
		};
		6A4A01522430AD1D0033ADCA /* More */ = {
			isa = PBXGroup;
			children = (
				6A4A01532430AD500033ADCA /* PRTopics.h */,
				6A4A01542430AD500033ADCA /* PRTopics.m */,
			);
			path = More;
			sourceTree = "<group>";
		};
		6A4BC488240FDD72006DE658 /* View */ = {
			isa = PBXGroup;
			children = (
				6A496D2A2428ACE900D8FD8C /* Home */,
				6A804856243378A60084B7D6 /* More */,
				6AE99B3E243F3590007483CC /* MIne */,
			);
			path = View;
			sourceTree = "<group>";
		};
		6A804856243378A60084B7D6 /* More */ = {
			isa = PBXGroup;
			children = (
				6A4A01562430AE9C0033ADCA /* PRTopicTableViewCell.h */,
				6A4A01572430AE9C0033ADCA /* PRTopicTableViewCell.m */,
				6A4A01582430AE9C0033ADCA /* PRTopicTableViewCell.xib */,
			);
			path = More;
			sourceTree = "<group>";
		};
		6A9931D6240E0D93000AB6AC /* HomeImage */ = {
			isa = PBXGroup;
			children = (
				6A286364242DDF7E00BFA4E8 /* touxiang.png */,
				6AE30BFC242B57E000A5B9BB /* image_1.jpg */,
				6AE99B31243F245E007483CC /* image_2.jpg */,
				6AE30BFE242B57E000A5B9BB /* image_3.jpg */,
				6A286392242F2C5E00BFA4E8 /* image_4.jpg */,
				6A496D262428A84000D8FD8C /* playBTN1.png */,
				6A9931DF240E5E58000AB6AC /* tranlcent.png */,
				6A9931D7240E0DAE000AB6AC /* member_daily_center_bg.jpg */,
				6A6218412417846D00761815 /* preset_focus_ocean.m4a */,
				6AC6D948242A168C00FF3479 /* 4948.MP3 */,
				6A496D222428A72D00D8FD8C /* image_1.m4a */,
				6A496D232428A72D00D8FD8C /* image_2.m4a */,
				6AE99B2B243F227C007483CC /* image_3.m4a */,
				6AE99B2D243F239E007483CC /* image_4.m4a */,
				6A496D282428A93000D8FD8C /* playBTN.png */,
				6A0FD2C024274D9D00C781CF /* image_10.jpg */,
				6A9931D8240E0DAE000AB6AC /* image_20.jpg */,
				6A9931D9240E0DAE000AB6AC /* image_30.jpg */,
				6A0FD2C124274D9D00C781CF /* image_2member_daily_left_center_bg.jpg */,
				6A0FD2BF24274D9D00C781CF /* image_3member_daily_left_center_bg.jpg */,
			);
			path = HomeImage;
			sourceTree = "<group>";
		};
		6AAA25E3243D720800A3EA44 /* Main */ = {
			isa = PBXGroup;
			children = (
				6A1EAA0F23FBC79900A84CA0 /* AppDelegate.h */,
				6A1EAA1023FBC79900A84CA0 /* AppDelegate.m */,
			);
			path = Main;
			sourceTree = "<group>";
		};
		6AE99B1D243EEDCE007483CC /* Danmu */ = {
			isa = PBXGroup;
			children = (
				6AEAD2F32434B29D001C3FFD /* PRDanMaViewController.h */,
				6AEAD2F42434B29D001C3FFD /* PRDanMaViewController.m */,
				6AEAD2F52434B29D001C3FFD /* PRDanMaViewController.xib */,
				6AE99B24243EF1FC007483CC /* PRBulletTalkViewController.h */,
				6AE99B25243EF1FC007483CC /* PRBulletTalkViewController.m */,
				6AE99B26243EF1FC007483CC /* PRBulletTalkViewController.xib */,
			);
			path = Danmu;
			sourceTree = "<group>";
		};
		6AE99B33243F27C3007483CC /* Danmu */ = {
			isa = PBXGroup;
			children = (
				6AE99B1E243EEE1B007483CC /* PRBulletView.h */,
				6AE99B1F243EEE1B007483CC /* PRBulletView.m */,
				6AE99B21243EEE37007483CC /* PRBulletManager.h */,
				6AE99B22243EEE37007483CC /* PRBulletManager.m */,
			);
			path = Danmu;
			sourceTree = "<group>";
		};
		6AE99B34243F3246007483CC /* FeedBack */ = {
			isa = PBXGroup;
			children = (
				6AE99B35243F3258007483CC /* UserFeedBackViewController.h */,
				6AE99B38243F3258007483CC /* UserFeedBackViewController.m */,
			);
			path = FeedBack;
			sourceTree = "<group>";
		};
		6AE99B3E243F3590007483CC /* MIne */ = {
			isa = PBXGroup;
			children = (
				6AE99B36243F3258007483CC /* PhotoCollectionViewCell.h */,
				6AE99B37243F3258007483CC /* PhotoCollectionViewCell.m */,
				6AE99B3A243F3258007483CC /* PlaceholderTextView.h */,
				6AE99B39243F3258007483CC /* PlaceholderTextView.m */,
			);
			path = MIne;
			sourceTree = "<group>";
		};
		6AE99B3F243F35C7007483CC /* UserAbout */ = {
			isa = PBXGroup;
			children = (
				6A286368242DEB7B00BFA4E8 /* PRLoginViewController.h */,
				6A286369242DEB7B00BFA4E8 /* PRLoginViewController.m */,
				6A286397242F3D7700BFA4E8 /* PRSignupViewController.h */,
				6A286398242F3D7700BFA4E8 /* PRSignupViewController.m */,
				6A286399242F3D7700BFA4E8 /* PRSignupViewController.xib */,
				6AE99B40243F3946007483CC /* PRMyTopicTableViewController.h */,
				6AE99B41243F3946007483CC /* PRMyTopicTableViewController.m */,
			);
			path = UserAbout;
			sourceTree = "<group>";
		};
		78290F604F3A5B14981CAFF2 /* Frameworks */ = {
			isa = PBXGroup;
			children = (
				6A25650B2430CA47002623AE /* SDWebImage.framework */,
				6A6FFF502424A972001BBE85 /* CoreGraphics.framework */,
				F014DB7583B87883229E29CC /* Pods_PRSleepApp.framework */,
			);
			name = Frameworks;
			sourceTree = "<group>";
		};
		83B75CCDF685E1DF4B75D463 /* Pods */ = {
			isa = PBXGroup;
			children = (
				129FE9F691A2E9F09D035247 /* Pods-PRSleepApp.debug.xcconfig */,
				94A3BF127F05EC0A8B3A5753 /* Pods-PRSleepApp.release.xcconfig */,
			);
			path = Pods;
			sourceTree = "<group>";
		};
/* End PBXGroup section */

/* Begin PBXNativeTarget section */
		6A1EAA0B23FBC79900A84CA0 /* PRSleepApp */ = {
			isa = PBXNativeTarget;
			buildConfigurationList = 6A1EAA2523FBC79B00A84CA0 /* Build configuration list for PBXNativeTarget "PRSleepApp" */;
			buildPhases = (
				E4584D64B067162D91526AB6 /* [CP] Check Pods Manifest.lock */,
				6A1EAA0823FBC79900A84CA0 /* Sources */,
				6A1EAA0923FBC79900A84CA0 /* Frameworks */,
				6A1EAA0A23FBC79900A84CA0 /* Resources */,
				CD30ABE1441CFD8F7B7F65BF /* [CP] Embed Pods Frameworks */,
			);
			buildRules = (
			);
			dependencies = (
			);
			name = PRSleepApp;
			productName = PRSleepApp;
			productReference = 6A1EAA0C23FBC79900A84CA0 /* PRSleepApp.app */;
			productType = "com.apple.product-type.application";
		};
/* End PBXNativeTarget section */

/* Begin PBXProject section */
		6A1EAA0423FBC79900A84CA0 /* Project object */ = {
			isa = PBXProject;
			attributes = {
				CLASSPREFIX = PR;
				LastUpgradeCheck = 1010;
				ORGANIZATIONNAME = priders;
				TargetAttributes = {
					6A1EAA0B23FBC79900A84CA0 = {
						CreatedOnToolsVersion = 10.1;
					};
				};
			};
			buildConfigurationList = 6A1EAA0723FBC79900A84CA0 /* Build configuration list for PBXProject "PRSleepApp" */;
			compatibilityVersion = "Xcode 9.3";
			developmentRegion = en;
			hasScannedForEncodings = 0;
			knownRegions = (
				en,
				Base,
			);
			mainGroup = 6A1EAA0323FBC79900A84CA0;
			productRefGroup = 6A1EAA0D23FBC79900A84CA0 /* Products */;
			projectDirPath = "";
			projectRoot = "";
			targets = (
				6A1EAA0B23FBC79900A84CA0 /* PRSleepApp */,
			);
		};
/* End PBXProject section */

/* Begin PBXResourcesBuildPhase section */
		6A1EAA0A23FBC79900A84CA0 /* Resources */ = {
			isa = PBXResourcesBuildPhase;
			buildActionMask = 2147483647;
			files = (
				6A28637C242DEEAF00BFA4E8 /* login_btn_blue_press.png in Resources */,
				6A286382242DEEAF00BFA4E8 /* login_header@2x.png in Resources */,
				6A28639B242F3D7700BFA4E8 /* PRSignupViewController.xib in Resources */,
				6A496D272428A84000D8FD8C /* playBTN1.png in Resources */,
				6AE99B2C243F227C007483CC /* image_3.m4a in Resources */,
				6AE99B2E243F239E007483CC /* image_4.m4a in Resources */,
				6AC6D949242A168C00FF3479 /* 4948.MP3 in Resources */,
				6A1EAA1F23FBC79B00A84CA0 /* LaunchScreen.storyboard in Resources */,
				6A286393242F2C5F00BFA4E8 /* image_4.jpg in Resources */,
				6A9931DA240E0DAE000AB6AC /* member_daily_center_bg.jpg in Resources */,
				6A28637A242DEEAF00BFA4E8 /* login_textfield@2x.png in Resources */,
				6A496D242428A72D00D8FD8C /* image_1.m4a in Resources */,
				6A286385242DEEAF00BFA4E8 /* New.png in Resources */,
				6A2EF7D823FBF780001522FA /* iconClockSlected.png in Resources */,
				6A28637E242DEEAF00BFA4E8 /* login_bg@2x.jpg in Resources */,
				6A804855243235130084B7D6 /* PRPushTopicViewController.xib in Resources */,
				6A286381242DEEAF00BFA4E8 /* login_textfield.png in Resources */,
				6A9931E0240E5E58000AB6AC /* tranlcent.png in Resources */,
				6AE30C01242B57E000A5B9BB /* image_3.jpg in Resources */,
				6A0FD2C424274D9E00C781CF /* image_2member_daily_left_center_bg.jpg in Resources */,
				6A6218422417846D00761815 /* preset_focus_ocean.m4a in Resources */,
				6AE99B32243F245E007483CC /* image_2.jpg in Resources */,
				6A2EF7DD23FBF8B3001522FA /* iconMineSelected.png in Resources */,
				6A2EF7E423FBFBDC001522FA /* iconClockNormal.png in Resources */,
				6A496D292428A93100D8FD8C /* playBTN.png in Resources */,
				6A286365242DDF7E00BFA4E8 /* touxiang.png in Resources */,
				6A32E2632427486100C75151 /* PRFateCell.xib in Resources */,
				6A0FD2C224274D9E00C781CF /* image_3member_daily_left_center_bg.jpg in Resources */,
				6A28637B242DEEAF00BFA4E8 /* login_header.png in Resources */,
				6AE99B28243EF1FC007483CC /* PRBulletTalkViewController.xib in Resources */,
				6A286379242DEEAF00BFA4E8 /* login_btn_blue_press@2x.png in Resources */,
				6A1EAA1C23FBC79B00A84CA0 /* Assets.xcassets in Resources */,
				6AE99B2A243F1E55007483CC /* email@2x.png in Resources */,
				6A2EF7E123FBF91B001522FA /* iconMoreNormal.png in Resources */,
				6A28637D242DEEAF00BFA4E8 /* login_btn_blue_nor.png in Resources */,
				6A286391242F2A3A00BFA4E8 /* logup_btn_blue_nor@2x.png in Resources */,
				6A286383242DEEAF00BFA4E8 /* login_bg_ip5@2x.jpg in Resources */,
				6A28637F242DEEAF00BFA4E8 /* login_bg.jpg in Resources */,
				6A2EF7DE23FBF8B3001522FA /* iconMineNormal.png in Resources */,
				6A9931DC240E0DAE000AB6AC /* image_30.jpg in Resources */,
				6A0FD2C324274D9E00C781CF /* image_10.jpg in Resources */,
				6AEAD2F72434B29D001C3FFD /* PRDanMaViewController.xib in Resources */,
				6A496D252428A72D00D8FD8C /* image_2.m4a in Resources */,
				6A286380242DEEAF00BFA4E8 /* Failed.png in Resources */,
				6A2EF7E223FBF91B001522FA /* iconMoreSelected.png in Resources */,
				6A286384242DEEAF00BFA4E8 /* login_btn_blue_nor@2x.png in Resources */,
				6A4A015A2430AE9C0033ADCA /* PRTopicTableViewCell.xib in Resources */,
				6A9587D22440534C00B61EC3 /* 2.4意见反馈_03(1).png in Resources */,
				6AE30BFF242B57E000A5B9BB /* image_1.jpg in Resources */,
				6A9931DB240E0DAE000AB6AC /* image_20.jpg in Resources */,
			);
			runOnlyForDeploymentPostprocessing = 0;
		};
/* End PBXResourcesBuildPhase section */

/* Begin PBXShellScriptBuildPhase section */
		CD30ABE1441CFD8F7B7F65BF /* [CP] Embed Pods Frameworks */ = {
			isa = PBXShellScriptBuildPhase;
			buildActionMask = 2147483647;
			files = (
			);
			inputFileListPaths = (
				"${PODS_ROOT}/Target Support Files/Pods-PRSleepApp/Pods-PRSleepApp-frameworks-${CONFIGURATION}-input-files.xcfilelist",
			);
			name = "[CP] Embed Pods Frameworks";
			outputFileListPaths = (
				"${PODS_ROOT}/Target Support Files/Pods-PRSleepApp/Pods-PRSleepApp-frameworks-${CONFIGURATION}-output-files.xcfilelist",
			);
			runOnlyForDeploymentPostprocessing = 0;
			shellPath = /bin/sh;
			shellScript = "\"${PODS_ROOT}/Target Support Files/Pods-PRSleepApp/Pods-PRSleepApp-frameworks.sh\"\n";
			showEnvVarsInLog = 0;
		};
		E4584D64B067162D91526AB6 /* [CP] Check Pods Manifest.lock */ = {
			isa = PBXShellScriptBuildPhase;
			buildActionMask = 2147483647;
			files = (
			);
			inputFileListPaths = (
			);
			inputPaths = (
				"${PODS_PODFILE_DIR_PATH}/Podfile.lock",
				"${PODS_ROOT}/Manifest.lock",
			);
			name = "[CP] Check Pods Manifest.lock";
			outputFileListPaths = (
			);
			outputPaths = (
				"$(DERIVED_FILE_DIR)/Pods-PRSleepApp-checkManifestLockResult.txt",
			);
			runOnlyForDeploymentPostprocessing = 0;
			shellPath = /bin/sh;
			shellScript = "diff \"${PODS_PODFILE_DIR_PATH}/Podfile.lock\" \"${PODS_ROOT}/Manifest.lock\" > /dev/null\nif [ $? != 0 ] ; then\n    # print error to STDERR\n    echo \"error: The sandbox is not in sync with the Podfile.lock. Run 'pod install' or update your CocoaPods installation.\" >&2\n    exit 1\nfi\n# This output is used by Xcode 'outputs' to avoid re-running this script phase.\necho \"SUCCESS\" > \"${SCRIPT_OUTPUT_FILE_0}\"\n";
			showEnvVarsInLog = 0;
		};
/* End PBXShellScriptBuildPhase section */

/* Begin PBXSourcesBuildPhase section */
		6A1EAA0823FBC79900A84CA0 /* Sources */ = {
			isa = PBXSourcesBuildPhase;
			buildActionMask = 2147483647;
			files = (
				6AE99B20243EEE1B007483CC /* PRBulletView.m in Sources */,
				6AE99B23243EEE37007483CC /* PRBulletManager.m in Sources */,
				6A1EAA1123FBC79900A84CA0 /* AppDelegate.m in Sources */,
				6A1EAA2223FBC79B00A84CA0 /* main.m in Sources */,
				6A804854243235130084B7D6 /* PRPushTopicViewController.m in Sources */,
				6AE99B42243F3946007483CC /* PRMyTopicTableViewController.m in Sources */,
				6A1EAA3023FBDD5500A84CA0 /* MineViewController.m in Sources */,
				6AEAD2F62434B29D001C3FFD /* PRDanMaViewController.m in Sources */,
				6A1EAA2C23FBDD0F00A84CA0 /* HomeViewController.m in Sources */,
				6A4A015024309D290033ADCA /* PRUser.m in Sources */,
				6AE99B3C243F3258007483CC /* UserFeedBackViewController.m in Sources */,
				6A4A01592430AE9C0033ADCA /* PRTopicTableViewCell.m in Sources */,
				6AE99B3D243F3258007483CC /* PlaceholderTextView.m in Sources */,
				6A28636A242DEB7B00BFA4E8 /* PRLoginViewController.m in Sources */,
				6A4A01552430AD500033ADCA /* PRTopics.m in Sources */,
				6A32E25F2427460100C75151 /* PRFateCell.m in Sources */,
				6AE99B27243EF1FC007483CC /* PRBulletTalkViewController.m in Sources */,
				6A25650F2430D804002623AE /* MoreViewController.m in Sources */,
				6AE99B3B243F3258007483CC /* PhotoCollectionViewCell.m in Sources */,
				6A78DF2A24249182008608B8 /* PRDragCardView.m in Sources */,
				6A7BB0962424B1CE0078CF81 /* PRDragCardCell.m in Sources */,
				6A496D332428C24800D8FD8C /* PRHomeSleepViewController.m in Sources */,
				6A1EAA1A23FBC79900A84CA0 /* PRSleepApp.xcdatamodeld in Sources */,
				6A28639A242F3D7700BFA4E8 /* PRSignupViewController.m in Sources */,
				6AC6D9472429B29D00FF3479 /* PRDataPicker.m in Sources */,
			);
			runOnlyForDeploymentPostprocessing = 0;
		};
/* End PBXSourcesBuildPhase section */

/* Begin PBXVariantGroup section */
		6A1EAA1D23FBC79B00A84CA0 /* LaunchScreen.storyboard */ = {
			isa = PBXVariantGroup;
			children = (
				6A1EAA1E23FBC79B00A84CA0 /* Base */,
			);
			name = LaunchScreen.storyboard;
			sourceTree = "<group>";
		};
/* End PBXVariantGroup section */

/* Begin XCBuildConfiguration section */
		6A1EAA2323FBC79B00A84CA0 /* Debug */ = {
			isa = XCBuildConfiguration;
			buildSettings = {
				ALWAYS_SEARCH_USER_PATHS = NO;
				CLANG_ANALYZER_NONNULL = YES;
				CLANG_ANALYZER_NUMBER_OBJECT_CONVERSION = YES_AGGRESSIVE;
				CLANG_CXX_LANGUAGE_STANDARD = "gnu++14";
				CLANG_CXX_LIBRARY = "libc++";
				CLANG_ENABLE_MODULES = YES;
				CLANG_ENABLE_OBJC_ARC = YES;
				CLANG_ENABLE_OBJC_WEAK = YES;
				CLANG_WARN_BLOCK_CAPTURE_AUTORELEASING = YES;
				CLANG_WARN_BOOL_CONVERSION = YES;
				CLANG_WARN_COMMA = YES;
				CLANG_WARN_CONSTANT_CONVERSION = YES;
				CLANG_WARN_DEPRECATED_OBJC_IMPLEMENTATIONS = YES;
				CLANG_WARN_DIRECT_OBJC_ISA_USAGE = YES_ERROR;
				CLANG_WARN_DOCUMENTATION_COMMENTS = YES;
				CLANG_WARN_EMPTY_BODY = YES;
				CLANG_WARN_ENUM_CONVERSION = YES;
				CLANG_WARN_INFINITE_RECURSION = YES;
				CLANG_WARN_INT_CONVERSION = YES;
				CLANG_WARN_NON_LITERAL_NULL_CONVERSION = YES;
				CLANG_WARN_OBJC_IMPLICIT_RETAIN_SELF = YES;
				CLANG_WARN_OBJC_LITERAL_CONVERSION = YES;
				CLANG_WARN_OBJC_ROOT_CLASS = YES_ERROR;
				CLANG_WARN_RANGE_LOOP_ANALYSIS = YES;
				CLANG_WARN_STRICT_PROTOTYPES = YES;
				CLANG_WARN_SUSPICIOUS_MOVE = YES;
				CLANG_WARN_UNGUARDED_AVAILABILITY = YES_AGGRESSIVE;
				CLANG_WARN_UNREACHABLE_CODE = YES;
				CLANG_WARN__DUPLICATE_METHOD_MATCH = YES;
				CODE_SIGN_IDENTITY = "iPhone Developer";
				COPY_PHASE_STRIP = NO;
				DEBUG_INFORMATION_FORMAT = dwarf;
				ENABLE_STRICT_OBJC_MSGSEND = YES;
				ENABLE_TESTABILITY = YES;
				GCC_C_LANGUAGE_STANDARD = gnu11;
				GCC_DYNAMIC_NO_PIC = NO;
				GCC_NO_COMMON_BLOCKS = YES;
				GCC_OPTIMIZATION_LEVEL = 0;
				GCC_PREPROCESSOR_DEFINITIONS = (
					"DEBUG=1",
					"$(inherited)",
				);
				GCC_WARN_64_TO_32_BIT_CONVERSION = YES;
				GCC_WARN_ABOUT_RETURN_TYPE = YES_ERROR;
				GCC_WARN_UNDECLARED_SELECTOR = YES;
				GCC_WARN_UNINITIALIZED_AUTOS = YES_AGGRESSIVE;
				GCC_WARN_UNUSED_FUNCTION = YES;
				GCC_WARN_UNUSED_VARIABLE = YES;
				IPHONEOS_DEPLOYMENT_TARGET = 12.1;
				MTL_ENABLE_DEBUG_INFO = INCLUDE_SOURCE;
				MTL_FAST_MATH = YES;
				ONLY_ACTIVE_ARCH = YES;
				SDKROOT = iphoneos;
			};
			name = Debug;
		};
		6A1EAA2423FBC79B00A84CA0 /* Release */ = {
			isa = XCBuildConfiguration;
			buildSettings = {
				ALWAYS_SEARCH_USER_PATHS = NO;
				CLANG_ANALYZER_NONNULL = YES;
				CLANG_ANALYZER_NUMBER_OBJECT_CONVERSION = YES_AGGRESSIVE;
				CLANG_CXX_LANGUAGE_STANDARD = "gnu++14";
				CLANG_CXX_LIBRARY = "libc++";
				CLANG_ENABLE_MODULES = YES;
				CLANG_ENABLE_OBJC_ARC = YES;
				CLANG_ENABLE_OBJC_WEAK = YES;
				CLANG_WARN_BLOCK_CAPTURE_AUTORELEASING = YES;
				CLANG_WARN_BOOL_CONVERSION = YES;
				CLANG_WARN_COMMA = YES;
				CLANG_WARN_CONSTANT_CONVERSION = YES;
				CLANG_WARN_DEPRECATED_OBJC_IMPLEMENTATIONS = YES;
				CLANG_WARN_DIRECT_OBJC_ISA_USAGE = YES_ERROR;
				CLANG_WARN_DOCUMENTATION_COMMENTS = YES;
				CLANG_WARN_EMPTY_BODY = YES;
				CLANG_WARN_ENUM_CONVERSION = YES;
				CLANG_WARN_INFINITE_RECURSION = YES;
				CLANG_WARN_INT_CONVERSION = YES;
				CLANG_WARN_NON_LITERAL_NULL_CONVERSION = YES;
				CLANG_WARN_OBJC_IMPLICIT_RETAIN_SELF = YES;
				CLANG_WARN_OBJC_LITERAL_CONVERSION = YES;
				CLANG_WARN_OBJC_ROOT_CLASS = YES_ERROR;
				CLANG_WARN_RANGE_LOOP_ANALYSIS = YES;
				CLANG_WARN_STRICT_PROTOTYPES = YES;
				CLANG_WARN_SUSPICIOUS_MOVE = YES;
				CLANG_WARN_UNGUARDED_AVAILABILITY = YES_AGGRESSIVE;
				CLANG_WARN_UNREACHABLE_CODE = YES;
				CLANG_WARN__DUPLICATE_METHOD_MATCH = YES;
				CODE_SIGN_IDENTITY = "iPhone Developer";
				COPY_PHASE_STRIP = NO;
				DEBUG_INFORMATION_FORMAT = "dwarf-with-dsym";
				ENABLE_NS_ASSERTIONS = NO;
				ENABLE_STRICT_OBJC_MSGSEND = YES;
				GCC_C_LANGUAGE_STANDARD = gnu11;
				GCC_NO_COMMON_BLOCKS = YES;
				GCC_WARN_64_TO_32_BIT_CONVERSION = YES;
				GCC_WARN_ABOUT_RETURN_TYPE = YES_ERROR;
				GCC_WARN_UNDECLARED_SELECTOR = YES;
				GCC_WARN_UNINITIALIZED_AUTOS = YES_AGGRESSIVE;
				GCC_WARN_UNUSED_FUNCTION = YES;
				GCC_WARN_UNUSED_VARIABLE = YES;
				IPHONEOS_DEPLOYMENT_TARGET = 12.1;
				MTL_ENABLE_DEBUG_INFO = NO;
				MTL_FAST_MATH = YES;
				SDKROOT = iphoneos;
				VALIDATE_PRODUCT = YES;
			};
			name = Release;
		};
		6A1EAA2623FBC79B00A84CA0 /* Debug */ = {
			isa = XCBuildConfiguration;
			baseConfigurationReference = 129FE9F691A2E9F09D035247 /* Pods-PRSleepApp.debug.xcconfig */;
			buildSettings = {
				ALWAYS_SEARCH_USER_PATHS = YES;
				ASSETCATALOG_COMPILER_APPICON_NAME = AppIcon;
				CODE_SIGN_STYLE = Automatic;
				DEVELOPMENT_TEAM = MH5QBV9URE;
				INFOPLIST_FILE = PRSleepApp/Info.plist;
				IPHONEOS_DEPLOYMENT_TARGET = 12.1;
				LD_RUNPATH_SEARCH_PATHS = (
					"$(inherited)",
					"@executable_path/Frameworks",
				);
				PRODUCT_BUNDLE_IDENTIFIER = priders.PRSleepyApp;
				PRODUCT_NAME = "$(TARGET_NAME)";
				TARGETED_DEVICE_FAMILY = "1,2";
				USER_HEADER_SEARCH_PATHS = "$(SRCROOT)";
			};
			name = Debug;
		};
		6A1EAA2723FBC79B00A84CA0 /* Release */ = {
			isa = XCBuildConfiguration;
			baseConfigurationReference = 94A3BF127F05EC0A8B3A5753 /* Pods-PRSleepApp.release.xcconfig */;
			buildSettings = {
				ALWAYS_SEARCH_USER_PATHS = YES;
				ASSETCATALOG_COMPILER_APPICON_NAME = AppIcon;
				CODE_SIGN_STYLE = Automatic;
				DEVELOPMENT_TEAM = MH5QBV9URE;
				INFOPLIST_FILE = PRSleepApp/Info.plist;
				IPHONEOS_DEPLOYMENT_TARGET = 12.1;
				LD_RUNPATH_SEARCH_PATHS = (
					"$(inherited)",
					"@executable_path/Frameworks",
				);
				PRODUCT_BUNDLE_IDENTIFIER = priders.PRSleepyApp;
				PRODUCT_NAME = "$(TARGET_NAME)";
				TARGETED_DEVICE_FAMILY = "1,2";
				USER_HEADER_SEARCH_PATHS = "$(SRCROOT)";
			};
			name = Release;
		};
/* End XCBuildConfiguration section */

/* Begin XCConfigurationList section */
		6A1EAA0723FBC79900A84CA0 /* Build configuration list for PBXProject "PRSleepApp" */ = {
			isa = XCConfigurationList;
			buildConfigurations = (
				6A1EAA2323FBC79B00A84CA0 /* Debug */,
				6A1EAA2423FBC79B00A84CA0 /* Release */,
			);
			defaultConfigurationIsVisible = 0;
			defaultConfigurationName = Release;
		};
		6A1EAA2523FBC79B00A84CA0 /* Build configuration list for PBXNativeTarget "PRSleepApp" */ = {
			isa = XCConfigurationList;
			buildConfigurations = (
				6A1EAA2623FBC79B00A84CA0 /* Debug */,
				6A1EAA2723FBC79B00A84CA0 /* Release */,
			);
			defaultConfigurationIsVisible = 0;
			defaultConfigurationName = Release;
		};
/* End XCConfigurationList section */

/* Begin XCVersionGroup section */
		6A1EAA1823FBC79900A84CA0 /* PRSleepApp.xcdatamodeld */ = {
			isa = XCVersionGroup;
			children = (
				6A1EAA1923FBC79900A84CA0 /* PRSleepApp.xcdatamodel */,
			);
			currentVersion = 6A1EAA1923FBC79900A84CA0 /* PRSleepApp.xcdatamodel */;
			path = PRSleepApp.xcdatamodeld;
			sourceTree = "<group>";
			versionGroupType = wrapper.xcdatamodel;
		};
/* End XCVersionGroup section */
	};
	rootObject = 6A1EAA0423FBC79900A84CA0 /* Project object */;
}
